
Microsoft Visual Studio Solution File, Format Version 12.00
# Visual Studio Version 17
VisualStudioVersion = 17.2.32526.322
MinimumVisualStudioVersion = 10.0.40219.1
Project("{9A19103F-16F7-4668-BE54-9A1E7A4F7556}") = "Chapter01", "Chapter01\Chapter01.csproj", "{020474F5-EA1E-4AC8-A0CB-DDD48143B18E}"
EndProject
Project("{9A19103F-16F7-4668-BE54-9A1E7A4F7556}") = "Chapter02-Architecturing-minimal-api-reflection", "Chapter02\Chapter02-Architecturing-minimal-api\Chapter02-Architecturing-minimal-api-reflection.csproj", "{966F2AC3-13DB-4900-9B83-1E5617D9E9A2}"
EndProject
Project("{2150E333-8FDC-42A3-9474-1A3956D46DE8}") = "Solution Items", "Solution Items", "{B2912071-0A42-44BD-A47C-D6B566D71FE1}"
	ProjectSection(SolutionItems) = preProject
		.editorconfig = .editorconfig
	EndProjectSection
EndProject
Project("{9A19103F-16F7-4668-BE54-9A1E7A4F7556}") = "Chapter03-CORS-GlobalAPISettings", "Chapter03-CORS-GlobalAPISettings\Chapter03-CORS-GlobalAPISettings.csproj", "{D0916D79-F56F-4188-96C5-28B260C7E4F8}"
EndProject
Project("{9A19103F-16F7-4668-BE54-9A1E7A4F7556}") = "Chapter04-ExceptionHandling", "Chapter04-ExceptionHandling\Chapter04-ExceptionHandling.csproj", "{3611C134-0D00-47C3-8EC9-76EF23E94EFB}"
EndProject
Project("{9A19103F-16F7-4668-BE54-9A1E7A4F7556}") = "Chapter05-Logging", "Chapter05-Logging\Chapter05-Logging.csproj", "{08A9DE0C-DD8D-4652-B2D4-379359807C39}"
EndProject
Project("{9A19103F-16F7-4668-BE54-9A1E7A4F7556}") = "Chapter05-Logging-Serilog", "Chapter05-Logging-Serilog\Chapter05-Logging-Serilog.csproj", "{D2CA3096-A449-473C-8593-29D1876B98D0}"
EndProject
Project("{9A19103F-16F7-4668-BE54-9A1E7A4F7556}") = "Chapter06-Model-FluentValidation", "Chapter06-Model-FluentValidation\Chapter06-Model-FluentValidation.csproj", "{99999C66-2690-4C74-9352-6EF9635B3D2E}"
EndProject
Project("{9A19103F-16F7-4668-BE54-9A1E7A4F7556}") = "Chapter07-Mapping-AutoMapper", "Chapter07-Mapping-AutoMapper\Chapter07-Mapping-AutoMapper.csproj", "{08F5ECB1-D23B-49FC-9034-1F987BA222D9}"
EndProject
Project("{9A19103F-16F7-4668-BE54-9A1E7A4F7556}") = "Chapter08-Dapper-Automapper", "Chapter08-Dapper\Chapter08-Dapper-Automapper.csproj", "{A60E90A7-CC82-460B-A7F5-070C7D0F431E}"
EndProject
Project("{9A19103F-16F7-4668-BE54-9A1E7A4F7556}") = "Chapter09-Authentication", "Chapter09-Authentication\Chapter09-Authentication.csproj", "{0E43FEDB-378D-4C13-AD8F-5F75168B6ADD}"
EndProject
Project("{9A19103F-16F7-4668-BE54-9A1E7A4F7556}") = "Chapter09-Authentication-AuthorizationClaims", "Chapter09-Authentication-AuthorizationClaims\Chapter09-Authentication-AuthorizationClaims.csproj", "{504869AC-A15E-40F3-AC5C-D35496B64C00}"
EndProject
Project("{9A19103F-16F7-4668-BE54-9A1E7A4F7556}") = "Chapter10-localization", "Chapter10-localization\Chapter10-localization.csproj", "{E3511870-750E-4367-B900-9156C876E0B0}"
EndProject
Project("{9A19103F-16F7-4668-BE54-9A1E7A4F7556}") = "Chapter11-Performance-Benchmark-K6-BenchmarkDotNet", "Chapter11-Performance-Benchmark-K6-BenchmarkDotNet\Chapter11-Performance-Benchmark-K6-BenchmarkDotNet.csproj", "{8EFBC617-0A41-406E-9D23-531E58F7423D}"
EndProject
Project("{FAE04EC0-301F-11D3-BF4B-00C04F79EFBC}") = "Chapter11-2-Controllers-K6-BenchmarkDotNet", "Chapter11-2-Controllers-K6-BenchmarkDotNet\Chapter11-2-Controllers-K6-BenchmarkDotNet.csproj", "{1B083F52-28D2-417C-BBC5-7A9AA95D85C3}"
EndProject
Project("{FAE04EC0-301F-11D3-BF4B-00C04F79EFBC}") = "Chapter11-BenchmarkDotNet-Runner-forAPI", "Chapter11-BenchmarkDotNet-Runner-forAPI\Chapter11-BenchmarkDotNet-Runner-forAPI.csproj", "{C5B84558-670A-48D5-8A6D-FAF2941F91FF}"
EndProject
Global
	GlobalSection(SolutionConfigurationPlatforms) = preSolution
		Debug|Any CPU = Debug|Any CPU
		Release|Any CPU = Release|Any CPU
	EndGlobalSection
	GlobalSection(ProjectConfigurationPlatforms) = postSolution
		{020474F5-EA1E-4AC8-A0CB-DDD48143B18E}.Debug|Any CPU.ActiveCfg = Debug|Any CPU
		{020474F5-EA1E-4AC8-A0CB-DDD48143B18E}.Debug|Any CPU.Build.0 = Debug|Any CPU
		{020474F5-EA1E-4AC8-A0CB-DDD48143B18E}.Release|Any CPU.ActiveCfg = Release|Any CPU
		{020474F5-EA1E-4AC8-A0CB-DDD48143B18E}.Release|Any CPU.Build.0 = Release|Any CPU
		{966F2AC3-13DB-4900-9B83-1E5617D9E9A2}.Debug|Any CPU.ActiveCfg = Debug|Any CPU
		{966F2AC3-13DB-4900-9B83-1E5617D9E9A2}.Debug|Any CPU.Build.0 = Debug|Any CPU
		{966F2AC3-13DB-4900-9B83-1E5617D9E9A2}.Release|Any CPU.ActiveCfg = Release|Any CPU
		{966F2AC3-13DB-4900-9B83-1E5617D9E9A2}.Release|Any CPU.Build.0 = Release|Any CPU
		{D0916D79-F56F-4188-96C5-28B260C7E4F8}.Debug|Any CPU.ActiveCfg = Debug|Any CPU
		{D0916D79-F56F-4188-96C5-28B260C7E4F8}.Debug|Any CPU.Build.0 = Debug|Any CPU
		{D0916D79-F56F-4188-96C5-28B260C7E4F8}.Release|Any CPU.ActiveCfg = Release|Any CPU
		{D0916D79-F56F-4188-96C5-28B260C7E4F8}.Release|Any CPU.Build.0 = Release|Any CPU
		{3611C134-0D00-47C3-8EC9-76EF23E94EFB}.Debug|Any CPU.ActiveCfg = Debug|Any CPU
		{3611C134-0D00-47C3-8EC9-76EF23E94EFB}.Debug|Any CPU.Build.0 = Debug|Any CPU
		{3611C134-0D00-47C3-8EC9-76EF23E94EFB}.Release|Any CPU.ActiveCfg = Release|Any CPU
		{3611C134-0D00-47C3-8EC9-76EF23E94EFB}.Release|Any CPU.Build.0 = Release|Any CPU
		{08A9DE0C-DD8D-4652-B2D4-379359807C39}.Debug|Any CPU.ActiveCfg = Debug|Any CPU
		{08A9DE0C-DD8D-4652-B2D4-379359807C39}.Debug|Any CPU.Build.0 = Debug|Any CPU
		{08A9DE0C-DD8D-4652-B2D4-379359807C39}.Release|Any CPU.ActiveCfg = Release|Any CPU
		{08A9DE0C-DD8D-4652-B2D4-379359807C39}.Release|Any CPU.Build.0 = Release|Any CPU
		{D2CA3096-A449-473C-8593-29D1876B98D0}.Debug|Any CPU.ActiveCfg = Debug|Any CPU
		{D2CA3096-A449-473C-8593-29D1876B98D0}.Debug|Any CPU.Build.0 = Debug|Any CPU
		{D2CA3096-A449-473C-8593-29D1876B98D0}.Release|Any CPU.ActiveCfg = Release|Any CPU
		{D2CA3096-A449-473C-8593-29D1876B98D0}.Release|Any CPU.Build.0 = Release|Any CPU
		{99999C66-2690-4C74-9352-6EF9635B3D2E}.Debug|Any CPU.ActiveCfg = Debug|Any CPU
		{99999C66-2690-4C74-9352-6EF9635B3D2E}.Debug|Any CPU.Build.0 = Debug|Any CPU
		{99999C66-2690-4C74-9352-6EF9635B3D2E}.Release|Any CPU.ActiveCfg = Release|Any CPU
		{99999C66-2690-4C74-9352-6EF9635B3D2E}.Release|Any CPU.Build.0 = Release|Any CPU
		{08F5ECB1-D23B-49FC-9034-1F987BA222D9}.Debug|Any CPU.ActiveCfg = Debug|Any CPU
		{08F5ECB1-D23B-49FC-9034-1F987BA222D9}.Debug|Any CPU.Build.0 = Debug|Any CPU
		{08F5ECB1-D23B-49FC-9034-1F987BA222D9}.Release|Any CPU.ActiveCfg = Release|Any CPU
		{08F5ECB1-D23B-49FC-9034-1F987BA222D9}.Release|Any CPU.Build.0 = Release|Any CPU
		{A60E90A7-CC82-460B-A7F5-070C7D0F431E}.Debug|Any CPU.ActiveCfg = Debug|Any CPU
		{A60E90A7-CC82-460B-A7F5-070C7D0F431E}.Debug|Any CPU.Build.0 = Debug|Any CPU
		{A60E90A7-CC82-460B-A7F5-070C7D0F431E}.Release|Any CPU.ActiveCfg = Release|Any CPU
		{A60E90A7-CC82-460B-A7F5-070C7D0F431E}.Release|Any CPU.Build.0 = Release|Any CPU
		{0E43FEDB-378D-4C13-AD8F-5F75168B6ADD}.Debug|Any CPU.ActiveCfg = Debug|Any CPU
		{0E43FEDB-378D-4C13-AD8F-5F75168B6ADD}.Debug|Any CPU.Build.0 = Debug|Any CPU
		{0E43FEDB-378D-4C13-AD8F-5F75168B6ADD}.Release|Any CPU.ActiveCfg = Release|Any CPU
		{0E43FEDB-378D-4C13-AD8F-5F75168B6ADD}.Release|Any CPU.Build.0 = Release|Any CPU
		{504869AC-A15E-40F3-AC5C-D35496B64C00}.Debug|Any CPU.ActiveCfg = Debug|Any CPU
		{504869AC-A15E-40F3-AC5C-D35496B64C00}.Debug|Any CPU.Build.0 = Debug|Any CPU
		{504869AC-A15E-40F3-AC5C-D35496B64C00}.Release|Any CPU.ActiveCfg = Release|Any CPU
		{504869AC-A15E-40F3-AC5C-D35496B64C00}.Release|Any CPU.Build.0 = Release|Any CPU
		{E3511870-750E-4367-B900-9156C876E0B0}.Debug|Any CPU.ActiveCfg = Debug|Any CPU
		{E3511870-750E-4367-B900-9156C876E0B0}.Debug|Any CPU.Build.0 = Debug|Any CPU
		{E3511870-750E-4367-B900-9156C876E0B0}.Release|Any CPU.ActiveCfg = Release|Any CPU
		{E3511870-750E-4367-B900-9156C876E0B0}.Release|Any CPU.Build.0 = Release|Any CPU
		{8EFBC617-0A41-406E-9D23-531E58F7423D}.Debug|Any CPU.ActiveCfg = Debug|Any CPU
		{8EFBC617-0A41-406E-9D23-531E58F7423D}.Debug|Any CPU.Build.0 = Debug|Any CPU
		{8EFBC617-0A41-406E-9D23-531E58F7423D}.Release|Any CPU.ActiveCfg = Release|Any CPU
		{8EFBC617-0A41-406E-9D23-531E58F7423D}.Release|Any CPU.Build.0 = Release|Any CPU
		{1B083F52-28D2-417C-BBC5-7A9AA95D85C3}.Debug|Any CPU.ActiveCfg = Debug|Any CPU
		{1B083F52-28D2-417C-BBC5-7A9AA95D85C3}.Debug|Any CPU.Build.0 = Debug|Any CPU
		{1B083F52-28D2-417C-BBC5-7A9AA95D85C3}.Release|Any CPU.ActiveCfg = Release|Any CPU
		{1B083F52-28D2-417C-BBC5-7A9AA95D85C3}.Release|Any CPU.Build.0 = Release|Any CPU
		{C5B84558-670A-48D5-8A6D-FAF2941F91FF}.Debug|Any CPU.ActiveCfg = Debug|Any CPU
		{C5B84558-670A-48D5-8A6D-FAF2941F91FF}.Debug|Any CPU.Build.0 = Debug|Any CPU
		{C5B84558-670A-48D5-8A6D-FAF2941F91FF}.Release|Any CPU.ActiveCfg = Release|Any CPU
		{C5B84558-670A-48D5-8A6D-FAF2941F91FF}.Release|Any CPU.Build.0 = Release|Any CPU
	EndGlobalSection
	GlobalSection(SolutionProperties) = preSolution
		HideSolutionNode = FALSE
	EndGlobalSection
	GlobalSection(ExtensibilityGlobals) = postSolution
		SolutionGuid = {CB8728A1-0ED0-487B-A7BA-C6C1173C467F}
	EndGlobalSection
EndGlobal
